
Microsoft Visual Studio Solution File, Format Version 12.00
# Visual Studio Version 17
VisualStudioVersion = 17.14.37301.10
MinimumVisualStudioVersion = 10.0.40219.1
Project("{2150E333-8FDC-42A3-9474-1A3956D46DE8}") = "src", "src", "{827E0CD3-B72D-47B6-A68D-7590B98EB39B}"
EndProject
Project("{FAE04EC0-301F-11D3-BF4B-00C04F79EFBC}") = "CoreForge.Domain", "src\CoreForge.Domain\CoreForge.Domain.csproj", "{87C8DBA5-4938-4CCE-AF0E-410E45528CF0}"
EndProject
Project("{FAE04EC0-301F-11D3-BF4B-00C04F79EFBC}") = "CoreForge.Application", "src\CoreForge.Application\CoreForge.Application.csproj", "{C21F48D1-1236-48B3-9108-900C91FBF498}"
EndProject
Project("{FAE04EC0-301F-11D3-BF4B-00C04F79EFBC}") = "CoreForge.Infrastructure", "src\CoreForge.Infrastructure\CoreForge.Infrastructure.csproj", "{70E37F63-6412-4FE4-9640-E48FCEAD777B}"
EndProject
Project("{FAE04EC0-301F-11D3-BF4B-00C04F79EFBC}") = "CoreForge.Identity", "src\CoreForge.Identity\CoreForge.Identity.csproj", "{425E4950-EDCD-4510-B61C-23C395F77DE6}"
EndProject
Project("{FAE04EC0-301F-11D3-BF4B-00C04F79EFBC}") = "CoreForge.WebAPI", "src\CoreForge.WebAPI\CoreForge.WebAPI.csproj", "{0E6B2810-9F89-464D-9B21-F5C2F068836A}"
EndProject
Project("{2150E333-8FDC-42A3-9474-1A3956D46DE8}") = "tests", "tests", "{0AB3BF05-4346-4AA6-1389-037BE0695223}"
EndProject
Project("{FAE04EC0-301F-11D3-BF4B-00C04F79EFBC}") = "CoreForge.Domain.Tests", "tests\CoreForge.Domain.Tests\CoreForge.Domain.Tests.csproj", "{2EA3354E-E017-4AE4-BF45-EDEE1FF5F112}"
EndProject
Project("{FAE04EC0-301F-11D3-BF4B-00C04F79EFBC}") = "CoreForge.Application.Tests", "tests\CoreForge.Application.Tests\CoreForge.Application.Tests.csproj", "{4663E22D-0B50-401D-8DFB-BA4257CBD67C}"
EndProject
Project("{FAE04EC0-301F-11D3-BF4B-00C04F79EFBC}") = "CoreForge.Integration.Tests", "tests\CoreForge.Integration.Tests\CoreForge.Integration.Tests.csproj", "{87362AB3-B652-4816-A71C-5375B9713F4F}"
EndProject
Global
	GlobalSection(SolutionConfigurationPlatforms) = preSolution
		Debug|Any CPU = Debug|Any CPU
		Debug|x64 = Debug|x64
		Debug|x86 = Debug|x86
		Release|Any CPU = Release|Any CPU
		Release|x64 = Release|x64
		Release|x86 = Release|x86
	EndGlobalSection
	GlobalSection(ProjectConfigurationPlatforms) = postSolution
		{87C8DBA5-4938-4CCE-AF0E-410E45528CF0}.Debug|Any CPU.ActiveCfg = Debug|Any CPU
		{87C8DBA5-4938-4CCE-AF0E-410E45528CF0}.Debug|Any CPU.Build.0 = Debug|Any CPU
		{87C8DBA5-4938-4CCE-AF0E-410E45528CF0}.Debug|x64.ActiveCfg = Debug|Any CPU
		{87C8DBA5-4938-4CCE-AF0E-410E45528CF0}.Debug|x64.Build.0 = Debug|Any CPU
		{87C8DBA5-4938-4CCE-AF0E-410E45528CF0}.Debug|x86.ActiveCfg = Debug|Any CPU
		{87C8DBA5-4938-4CCE-AF0E-410E45528CF0}.Debug|x86.Build.0 = Debug|Any CPU
		{87C8DBA5-4938-4CCE-AF0E-410E45528CF0}.Release|Any CPU.ActiveCfg = Release|Any CPU
		{87C8DBA5-4938-4CCE-AF0E-410E45528CF0}.Release|Any CPU.Build.0 = Release|Any CPU
		{87C8DBA5-4938-4CCE-AF0E-410E45528CF0}.Release|x64.ActiveCfg = Release|Any CPU
		{87C8DBA5-4938-4CCE-AF0E-410E45528CF0}.Release|x64.Build.0 = Release|Any CPU
		{87C8DBA5-4938-4CCE-AF0E-410E45528CF0}.Release|x86.ActiveCfg = Release|Any CPU
		{87C8DBA5-4938-4CCE-AF0E-410E45528CF0}.Release|x86.Build.0 = Release|Any CPU
		{C21F48D1-1236-48B3-9108-900C91FBF498}.Debug|Any CPU.ActiveCfg = Debug|Any CPU
		{C21F48D1-1236-48B3-9108-900C91FBF498}.Debug|Any CPU.Build.0 = Debug|Any CPU
		{C21F48D1-1236-48B3-9108-900C91FBF498}.Debug|x64.ActiveCfg = Debug|Any CPU
		{C21F48D1-1236-48B3-9108-900C91FBF498}.Debug|x64.Build.0 = Debug|Any CPU
		{C21F48D1-1236-48B3-9108-900C91FBF498}.Debug|x86.ActiveCfg = Debug|Any CPU
		{C21F48D1-1236-48B3-9108-900C91FBF498}.Debug|x86.Build.0 = Debug|Any CPU
		{C21F48D1-1236-48B3-9108-900C91FBF498}.Release|Any CPU.ActiveCfg = Release|Any CPU
		{C21F48D1-1236-48B3-9108-900C91FBF498}.Release|Any CPU.Build.0 = Release|Any CPU
		{C21F48D1-1236-48B3-9108-900C91FBF498}.Release|x64.ActiveCfg = Release|Any CPU
		{C21F48D1-1236-48B3-9108-900C91FBF498}.Release|x64.Build.0 = Release|Any CPU
		{C21F48D1-1236-48B3-9108-900C91FBF498}.Release|x86.ActiveCfg = Release|Any CPU
		{C21F48D1-1236-48B3-9108-900C91FBF498}.Release|x86.Build.0 = Release|Any CPU
		{70E37F63-6412-4FE4-9640-E48FCEAD777B}.Debug|Any CPU.ActiveCfg = Debug|Any CPU
		{70E37F63-6412-4FE4-9640-E48FCEAD777B}.Debug|Any CPU.Build.0 = Debug|Any CPU
		{70E37F63-6412-4FE4-9640-E48FCEAD777B}.Debug|x64.ActiveCfg = Debug|Any CPU
		{70E37F63-6412-4FE4-9640-E48FCEAD777B}.Debug|x64.Build.0 = Debug|Any CPU
		{70E37F63-6412-4FE4-9640-E48FCEAD777B}.Debug|x86.ActiveCfg = Debug|Any CPU
		{70E37F63-6412-4FE4-9640-E48FCEAD777B}.Debug|x86.Build.0 = Debug|Any CPU
		{70E37F63-6412-4FE4-9640-E48FCEAD777B}.Release|Any CPU.ActiveCfg = Release|Any CPU
		{70E37F63-6412-4FE4-9640-E48FCEAD777B}.Release|Any CPU.Build.0 = Release|Any CPU
		{70E37F63-6412-4FE4-9640-E48FCEAD777B}.Release|x64.ActiveCfg = Release|Any CPU
		{70E37F63-6412-4FE4-9640-E48FCEAD777B}.Release|x64.Build.0 = Release|Any CPU
		{70E37F63-6412-4FE4-9640-E48FCEAD777B}.Release|x86.ActiveCfg = Release|Any CPU
		{70E37F63-6412-4FE4-9640-E48FCEAD777B}.Release|x86.Build.0 = Release|Any CPU
		{425E4950-EDCD-4510-B61C-23C395F77DE6}.Debug|Any CPU.ActiveCfg = Debug|Any CPU
		{425E4950-EDCD-4510-B61C-23C395F77DE6}.Debug|Any CPU.Build.0 = Debug|Any CPU
		{425E4950-EDCD-4510-B61C-23C395F77DE6}.Debug|x64.ActiveCfg = Debug|Any CPU
		{425E4950-EDCD-4510-B61C-23C395F77DE6}.Debug|x64.Build.0 = Debug|Any CPU
		{425E4950-EDCD-4510-B61C-23C395F77DE6}.Debug|x86.ActiveCfg = Debug|Any CPU
		{425E4950-EDCD-4510-B61C-23C395F77DE6}.Debug|x86.Build.0 = Debug|Any CPU
		{425E4950-EDCD-4510-B61C-23C395F77DE6}.Release|Any CPU.ActiveCfg = Release|Any CPU
		{425E4950-EDCD-4510-B61C-23C395F77DE6}.Release|Any CPU.Build.0 = Release|Any CPU
		{425E4950-EDCD-4510-B61C-23C395F77DE6}.Release|x64.ActiveCfg = Release|Any CPU
		{425E4950-EDCD-4510-B61C-23C395F77DE6}.Release|x64.Build.0 = Release|Any CPU
		{425E4950-EDCD-4510-B61C-23C395F77DE6}.Release|x86.ActiveCfg = Release|Any CPU
		{425E4950-EDCD-4510-B61C-23C395F77DE6}.Release|x86.Build.0 = Release|Any CPU
		{0E6B2810-9F89-464D-9B21-F5C2F068836A}.Debug|Any CPU.ActiveCfg = Debug|Any CPU
		{0E6B2810-9F89-464D-9B21-F5C2F068836A}.Debug|Any CPU.Build.0 = Debug|Any CPU
		{0E6B2810-9F89-464D-9B21-F5C2F068836A}.Debug|x64.ActiveCfg = Debug|Any CPU
		{0E6B2810-9F89-464D-9B21-F5C2F068836A}.Debug|x64.Build.0 = Debug|Any CPU
		{0E6B2810-9F89-464D-9B21-F5C2F068836A}.Debug|x86.ActiveCfg = Debug|Any CPU
		{0E6B2810-9F89-464D-9B21-F5C2F068836A}.Debug|x86.Build.0 = Debug|Any CPU
		{0E6B2810-9F89-464D-9B21-F5C2F068836A}.Release|Any CPU.ActiveCfg = Release|Any CPU
		{0E6B2810-9F89-464D-9B21-F5C2F068836A}.Release|Any CPU.Build.0 = Release|Any CPU
		{0E6B2810-9F89-464D-9B21-F5C2F068836A}.Release|x64.ActiveCfg = Release|Any CPU
		{0E6B2810-9F89-464D-9B21-F5C2F068836A}.Release|x64.Build.0 = Release|Any CPU
		{0E6B2810-9F89-464D-9B21-F5C2F068836A}.Release|x86.ActiveCfg = Release|Any CPU
		{0E6B2810-9F89-464D-9B21-F5C2F068836A}.Release|x86.Build.0 = Release|Any CPU
		{2EA3354E-E017-4AE4-BF45-EDEE1FF5F112}.Debug|Any CPU.ActiveCfg = Debug|Any CPU
		{2EA3354E-E017-4AE4-BF45-EDEE1FF5F112}.Debug|Any CPU.Build.0 = Debug|Any CPU
		{2EA3354E-E017-4AE4-BF45-EDEE1FF5F112}.Debug|x64.ActiveCfg = Debug|Any CPU
		{2EA3354E-E017-4AE4-BF45-EDEE1FF5F112}.Debug|x64.Build.0 = Debug|Any CPU
		{2EA3354E-E017-4AE4-BF45-EDEE1FF5F112}.Debug|x86.ActiveCfg = Debug|Any CPU
		{2EA3354E-E017-4AE4-BF45-EDEE1FF5F112}.Debug|x86.Build.0 = Debug|Any CPU
		{2EA3354E-E017-4AE4-BF45-EDEE1FF5F112}.Release|Any CPU.ActiveCfg = Release|Any CPU
		{2EA3354E-E017-4AE4-BF45-EDEE1FF5F112}.Release|Any CPU.Build.0 = Release|Any CPU
		{2EA3354E-E017-4AE4-BF45-EDEE1FF5F112}.Release|x64.ActiveCfg = Release|Any CPU
		{2EA3354E-E017-4AE4-BF45-EDEE1FF5F112}.Release|x64.Build.0 = Release|Any CPU
		{2EA3354E-E017-4AE4-BF45-EDEE1FF5F112}.Release|x86.ActiveCfg = Release|Any CPU
		{2EA3354E-E017-4AE4-BF45-EDEE1FF5F112}.Release|x86.Build.0 = Release|Any CPU
		{4663E22D-0B50-401D-8DFB-BA4257CBD67C}.Debug|Any CPU.ActiveCfg = Debug|Any CPU
		{4663E22D-0B50-401D-8DFB-BA4257CBD67C}.Debug|Any CPU.Build.0 = Debug|Any CPU
		{4663E22D-0B50-401D-8DFB-BA4257CBD67C}.Debug|x64.ActiveCfg = Debug|Any CPU
		{4663E22D-0B50-401D-8DFB-BA4257CBD67C}.Debug|x64.Build.0 = Debug|Any CPU
		{4663E22D-0B50-401D-8DFB-BA4257CBD67C}.Debug|x86.ActiveCfg = Debug|Any CPU
		{4663E22D-0B50-401D-8DFB-BA4257CBD67C}.Debug|x86.Build.0 = Debug|Any CPU
		{4663E22D-0B50-401D-8DFB-BA4257CBD67C}.Release|Any CPU.ActiveCfg = Release|Any CPU
		{4663E22D-0B50-401D-8DFB-BA4257CBD67C}.Release|Any CPU.Build.0 = Release|Any CPU
		{4663E22D-0B50-401D-8DFB-BA4257CBD67C}.Release|x64.ActiveCfg = Release|Any CPU
		{4663E22D-0B50-401D-8DFB-BA4257CBD67C}.Release|x64.Build.0 = Release|Any CPU
		{4663E22D-0B50-401D-8DFB-BA4257CBD67C}.Release|x86.ActiveCfg = Release|Any CPU
		{4663E22D-0B50-401D-8DFB-BA4257CBD67C}.Release|x86.Build.0 = Release|Any CPU
		{87362AB3-B652-4816-A71C-5375B9713F4F}.Debug|Any CPU.ActiveCfg = Debug|Any CPU
		{87362AB3-B652-4816-A71C-5375B9713F4F}.Debug|Any CPU.Build.0 = Debug|Any CPU
		{87362AB3-B652-4816-A71C-5375B9713F4F}.Debug|x64.ActiveCfg = Debug|Any CPU
		{87362AB3-B652-4816-A71C-5375B9713F4F}.Debug|x64.Build.0 = Debug|Any CPU
		{87362AB3-B652-4816-A71C-5375B9713F4F}.Debug|x86.ActiveCfg = Debug|Any CPU
		{87362AB3-B652-4816-A71C-5375B9713F4F}.Debug|x86.Build.0 = Debug|Any CPU
		{87362AB3-B652-4816-A71C-5375B9713F4F}.Release|Any CPU.ActiveCfg = Release|Any CPU
		{87362AB3-B652-4816-A71C-5375B9713F4F}.Release|Any CPU.Build.0 = Release|Any CPU
		{87362AB3-B652-4816-A71C-5375B9713F4F}.Release|x64.ActiveCfg = Release|Any CPU
		{87362AB3-B652-4816-A71C-5375B9713F4F}.Release|x64.Build.0 = Release|Any CPU
		{87362AB3-B652-4816-A71C-5375B9713F4F}.Release|x86.ActiveCfg = Release|Any CPU
		{87362AB3-B652-4816-A71C-5375B9713F4F}.Release|x86.Build.0 = Release|Any CPU
	EndGlobalSection
	GlobalSection(SolutionProperties) = preSolution
		HideSolutionNode = FALSE
	EndGlobalSection
	GlobalSection(NestedProjects) = preSolution
		{87C8DBA5-4938-4CCE-AF0E-410E45528CF0} = {827E0CD3-B72D-47B6-A68D-7590B98EB39B}
		{C21F48D1-1236-48B3-9108-900C91FBF498} = {827E0CD3-B72D-47B6-A68D-7590B98EB39B}
		{70E37F63-6412-4FE4-9640-E48FCEAD777B} = {827E0CD3-B72D-47B6-A68D-7590B98EB39B}
		{425E4950-EDCD-4510-B61C-23C395F77DE6} = {827E0CD3-B72D-47B6-A68D-7590B98EB39B}
		{0E6B2810-9F89-464D-9B21-F5C2F068836A} = {827E0CD3-B72D-47B6-A68D-7590B98EB39B}
		{2EA3354E-E017-4AE4-BF45-EDEE1FF5F112} = {0AB3BF05-4346-4AA6-1389-037BE0695223}
		{4663E22D-0B50-401D-8DFB-BA4257CBD67C} = {0AB3BF05-4346-4AA6-1389-037BE0695223}
		{87362AB3-B652-4816-A71C-5375B9713F4F} = {0AB3BF05-4346-4AA6-1389-037BE0695223}
	EndGlobalSection
	GlobalSection(ExtensibilityGlobals) = postSolution
		SolutionGuid = {3533F5DE-E1A7-497F-9E37-F29E90FEBFD8}
	EndGlobalSection
EndGlobal
